{
  "name": "Duolingo-clone",
  "lockfileVersion": 3,
  "requires": true,
  "packages": {
    "": {
      "dependencies": {
        "react-circle-flags": "^0.0.30"
      }
    },
    "node_modules/react": {
      "version": "19.2.8",
      "resolved": "https://registry.npmjs.org/react/-/react-19.2.8.tgz",
      "integrity": "sha512-PWaYA1L/q9u2u7xYQi+Y3L3Yfnie7XyLeaJICV1MGD6LprsBxcAqGjYyr0eY3p+QdsA+x/Irkt4Qif8D63+Sbw==",
      "license": "MIT",
      "peer": true,
      "engines": {
        "node": ">=0.10.0"
      }
    },
    "node_modules/react-circle-flags": {
      "version": "0.0.30",
      "resolved": "https://registry.npmjs.org/react-circle-flags/-/react-circle-flags-0.0.30.tgz",
      "integrity": "sha512-LVbJGOcw8PO/OtxfT/2fDadT7IAYlKN6NOIWWN5KdoPyiICFM/WrCEM8ZiDTV+DpdFpN+uwDMtnno8qU4NluOw==",
      "license": "MIT",
      "engines": {
        "node": ">=10"
      },
      "peerDependencies": {
        "react": "^16.0.0 || 17.x || 18.x || 19.x"
      }
    }
  }
}
